
Microsoft Visual Studio Solution File, Format Version 12.00
# Visual Studio Version 16
VisualStudioVersion = 16.0.32126.315
MinimumVisualStudioVersion = 10.0.40219.1
Project("{FAE04EC0-301F-11D3-BF4B-00C04F79EFBC}") = "BrowserTravel.Server", "Server\BrowserTravel.Server.csproj", "{8C01736C-627B-411E-B8D4-CD1D8CC5389E}"
EndProject
Project("{FAE04EC0-301F-11D3-BF4B-00C04F79EFBC}") = "BrowserTravel.Client", "Client\BrowserTravel.Client.csproj", "{22530A7E-5A09-4943-A950-661625DA41D6}"
EndProject
Project("{FAE04EC0-301F-11D3-BF4B-00C04F79EFBC}") = "BrowserTravel.Shared", "Shared\BrowserTravel.Shared.csproj", "{BCF85279-A4F7-4FF8-BC91-C840D617D4D8}"
EndProject
Global
	GlobalSection(SolutionConfigurationPlatforms) = preSolution
		Debug|Any CPU = Debug|Any CPU
		Release|Any CPU = Release|Any CPU
	EndGlobalSection
	GlobalSection(ProjectConfigurationPlatforms) = postSolution
		{8C01736C-627B-411E-B8D4-CD1D8CC5389E}.Debug|Any CPU.ActiveCfg = Debug|Any CPU
		{8C01736C-627B-411E-B8D4-CD1D8CC5389E}.Debug|Any CPU.Build.0 = Debug|Any CPU
		{8C01736C-627B-411E-B8D4-CD1D8CC5389E}.Release|Any CPU.ActiveCfg = Release|Any CPU
		{8C01736C-627B-411E-B8D4-CD1D8CC5389E}.Release|Any CPU.Build.0 = Release|Any CPU
		{22530A7E-5A09-4943-A950-661625DA41D6}.Debug|Any CPU.ActiveCfg = Debug|Any CPU
		{22530A7E-5A09-4943-A950-661625DA41D6}.Debug|Any CPU.Build.0 = Debug|Any CPU
		{22530A7E-5A09-4943-A950-661625DA41D6}.Release|Any CPU.ActiveCfg = Release|Any CPU
		{22530A7E-5A09-4943-A950-661625DA41D6}.Release|Any CPU.Build.0 = Release|Any CPU
		{BCF85279-A4F7-4FF8-BC91-C840D617D4D8}.Debug|Any CPU.ActiveCfg = Debug|Any CPU
		{BCF85279-A4F7-4FF8-BC91-C840D617D4D8}.Debug|Any CPU.Build.0 = Debug|Any CPU
		{BCF85279-A4F7-4FF8-BC91-C840D617D4D8}.Release|Any CPU.ActiveCfg = Release|Any CPU
		{BCF85279-A4F7-4FF8-BC91-C840D617D4D8}.Release|Any CPU.Build.0 = Release|Any CPU
	EndGlobalSection
	GlobalSection(SolutionProperties) = preSolution
		HideSolutionNode = FALSE
	EndGlobalSection
	GlobalSection(ExtensibilityGlobals) = postSolution
		SolutionGuid = {4E27EA18-12D5-4639-9897-4019C5C0E437}
	EndGlobalSection
EndGlobal
